
Microsoft Visual Studio Solution File, Format Version 12.00
# Visual Studio Version 17
VisualStudioVersion = 17.0.31903.59
MinimumVisualStudioVersion = 10.0.40219.1
Project("{FAE04EC0-301F-11D3-BF4B-00C04F79EFBC}") = "NewsClient.Privileged", "NewsClient.Privileged\NewsClient.Privileged.csproj", "{26D19E34-161E-481F-B4A3-D988FC48B6F1}"
EndProject
Project("{FAE04EC0-301F-11D3-BF4B-00C04F79EFBC}") = "NewsClient.Basic", "NewsClient.Basic\NewsClient.Basic.csproj", "{A719B470-4350-4D22-A079-71D75B049931}"
EndProject
Project("{FAE04EC0-301F-11D3-BF4B-00C04F79EFBC}") = "NewsPost", "NewsPost\NewsPost.csproj", "{F3D26A7D-3551-479E-ADA1-C070BA0F20D1}"
EndProject
Project("{FAE04EC0-301F-11D3-BF4B-00C04F79EFBC}") = "NewsServer", "NewsServer\NewsServer.csproj", "{64CED27B-D1B2-4BDE-BC63-F990FCA18964}"
EndProject
Project("{2150E333-8FDC-42A3-9474-1A3956D46DE8}") = "Solution Items", "Solution Items", "{5DDA3810-BB5B-480F-BAF9-D8A041E2FE09}"
	ProjectSection(SolutionItems) = preProject
		.gitignore = .gitignore
		LICENSE = LICENSE
		README.md = README.md
	EndProjectSection
EndProject
Project("{FAE04EC0-301F-11D3-BF4B-00C04F79EFBC}") = "QueueAdapter", "QueueAdapter\QueueAdapter.csproj", "{6FC1DD3D-6B75-4114-8BC9-99526C5FCA17}"
EndProject
Project("{FAE04EC0-301F-11D3-BF4B-00C04F79EFBC}") = "NewsBootstrapper", "NewsBootstrapper\NewsBootstrapper.csproj", "{89E63837-9B46-47CD-B20D-E7E7C3956933}"
EndProject
Global
	GlobalSection(SolutionConfigurationPlatforms) = preSolution
		Debug|Any CPU = Debug|Any CPU
		Release|Any CPU = Release|Any CPU
	EndGlobalSection
	GlobalSection(ProjectConfigurationPlatforms) = postSolution
		{26D19E34-161E-481F-B4A3-D988FC48B6F1}.Debug|Any CPU.ActiveCfg = Debug|Any CPU
		{26D19E34-161E-481F-B4A3-D988FC48B6F1}.Debug|Any CPU.Build.0 = Debug|Any CPU
		{26D19E34-161E-481F-B4A3-D988FC48B6F1}.Release|Any CPU.ActiveCfg = Release|Any CPU
		{26D19E34-161E-481F-B4A3-D988FC48B6F1}.Release|Any CPU.Build.0 = Release|Any CPU
		{A719B470-4350-4D22-A079-71D75B049931}.Debug|Any CPU.ActiveCfg = Debug|Any CPU
		{A719B470-4350-4D22-A079-71D75B049931}.Debug|Any CPU.Build.0 = Debug|Any CPU
		{A719B470-4350-4D22-A079-71D75B049931}.Release|Any CPU.ActiveCfg = Release|Any CPU
		{A719B470-4350-4D22-A079-71D75B049931}.Release|Any CPU.Build.0 = Release|Any CPU
		{F3D26A7D-3551-479E-ADA1-C070BA0F20D1}.Debug|Any CPU.ActiveCfg = Debug|Any CPU
		{F3D26A7D-3551-479E-ADA1-C070BA0F20D1}.Debug|Any CPU.Build.0 = Debug|Any CPU
		{F3D26A7D-3551-479E-ADA1-C070BA0F20D1}.Release|Any CPU.ActiveCfg = Release|Any CPU
		{F3D26A7D-3551-479E-ADA1-C070BA0F20D1}.Release|Any CPU.Build.0 = Release|Any CPU
		{64CED27B-D1B2-4BDE-BC63-F990FCA18964}.Debug|Any CPU.ActiveCfg = Debug|Any CPU
		{64CED27B-D1B2-4BDE-BC63-F990FCA18964}.Debug|Any CPU.Build.0 = Debug|Any CPU
		{64CED27B-D1B2-4BDE-BC63-F990FCA18964}.Release|Any CPU.ActiveCfg = Release|Any CPU
		{64CED27B-D1B2-4BDE-BC63-F990FCA18964}.Release|Any CPU.Build.0 = Release|Any CPU
		{6FC1DD3D-6B75-4114-8BC9-99526C5FCA17}.Debug|Any CPU.ActiveCfg = Debug|Any CPU
		{6FC1DD3D-6B75-4114-8BC9-99526C5FCA17}.Debug|Any CPU.Build.0 = Debug|Any CPU
		{6FC1DD3D-6B75-4114-8BC9-99526C5FCA17}.Release|Any CPU.ActiveCfg = Release|Any CPU
		{6FC1DD3D-6B75-4114-8BC9-99526C5FCA17}.Release|Any CPU.Build.0 = Release|Any CPU
		{89E63837-9B46-47CD-B20D-E7E7C3956933}.Debug|Any CPU.ActiveCfg = Debug|Any CPU
		{89E63837-9B46-47CD-B20D-E7E7C3956933}.Debug|Any CPU.Build.0 = Debug|Any CPU
		{89E63837-9B46-47CD-B20D-E7E7C3956933}.Release|Any CPU.ActiveCfg = Release|Any CPU
		{89E63837-9B46-47CD-B20D-E7E7C3956933}.Release|Any CPU.Build.0 = Release|Any CPU
	EndGlobalSection
	GlobalSection(SolutionProperties) = preSolution
		HideSolutionNode = FALSE
	EndGlobalSection
	GlobalSection(ExtensibilityGlobals) = postSolution
		SolutionGuid = {A3A7384B-096D-4B00-B79D-82C2A9D24125}
	EndGlobalSection
EndGlobal
